
Microsoft Visual Studio Solution File, Format Version 12.00
# Visual Studio Version 17
VisualStudioVersion = 17.9.34902.65
MinimumVisualStudioVersion = 10.0.40219.1
Project("{8BC9CEB8-8B4A-11D0-8D11-00A0C91BC942}") = "HoriEngine", "HoriEngine\HoriEngine.vcxproj", "{D8112455-5854-4BAB-B08F-41CB15D70913}"
EndProject
Global
	GlobalSection(SolutionConfigurationPlatforms) = preSolution
		Debug|x64 = Debug|x64
		Debug|x86 = Debug|x86
		Release|x64 = Release|x64
		Release|x86 = Release|x86
	EndGlobalSection
	GlobalSection(ProjectConfigurationPlatforms) = postSolution
		{D8112455-5854-4BAB-B08F-41CB15D70913}.Debug|x64.ActiveCfg = Debug|x64
		{D8112455-5854-4BAB-B08F-41CB15D70913}.Debug|x64.Build.0 = Debug|x64
		{D8112455-5854-4BAB-B08F-41CB15D70913}.Debug|x86.ActiveCfg = Debug|Win32
		{D8112455-5854-4BAB-B08F-41CB15D70913}.Debug|x86.Build.0 = Debug|Win32
		{D8112455-5854-4BAB-B08F-41CB15D70913}.Release|x64.ActiveCfg = Release|x64
		{D8112455-5854-4BAB-B08F-41CB15D70913}.Release|x64.Build.0 = Release|x64
		{D8112455-5854-4BAB-B08F-41CB15D70913}.Release|x86.ActiveCfg = Release|Win32
		{D8112455-5854-4BAB-B08F-41CB15D70913}.Release|x86.Build.0 = Release|Win32
	EndGlobalSection
	GlobalSection(SolutionProperties) = preSolution
		HideSolutionNode = FALSE
	EndGlobalSection
	GlobalSection(ExtensibilityGlobals) = postSolution
		SolutionGuid = {A44A5EFB-60E6-4C06-84CC-A4309D0BE1D2}
	EndGlobalSection
EndGlobal
